
Microsoft Visual Studio Solution File, Format Version 12.00
# Visual Studio Version 17
VisualStudioVersion = 17.10.34818.151
MinimumVisualStudioVersion = 10.0.40219.1
Project("{FAE04EC0-301F-11D3-BF4B-00C04F79EFBC}") = "practical_3", "practical_3\practical_3.csproj", "{DB680909-D7B0-456B-9697-DD257BFFE28B}"
EndProject
Global
	GlobalSection(SolutionConfigurationPlatforms) = preSolution
		Debug|Any CPU = Debug|Any CPU
		Release|Any CPU = Release|Any CPU
	EndGlobalSection
	GlobalSection(ProjectConfigurationPlatforms) = postSolution
		{DB680909-D7B0-456B-9697-DD257BFFE28B}.Debug|Any CPU.ActiveCfg = Debug|Any CPU
		{DB680909-D7B0-456B-9697-DD257BFFE28B}.Debug|Any CPU.Build.0 = Debug|Any CPU
		{DB680909-D7B0-456B-9697-DD257BFFE28B}.Release|Any CPU.ActiveCfg = Release|Any CPU
		{DB680909-D7B0-456B-9697-DD257BFFE28B}.Release|Any CPU.Build.0 = Release|Any CPU
	EndGlobalSection
	GlobalSection(SolutionProperties) = preSolution
		HideSolutionNode = FALSE
	EndGlobalSection
	GlobalSection(ExtensibilityGlobals) = postSolution
		SolutionGuid = {8BC6317E-A6A7-4F4D-9E76-AD5FE19211A9}
	EndGlobalSection
EndGlobal
